// !$*UTF8*$!
{
	archiveVersion = 1;
	classes = {
	};
	objectVersion = 50;
	objects = {

/* Begin PBXBuildFile section */
		E20F53C42101185A00BCA7A6 /* AppDelegate.swift in Sources */ = {isa = PBXBuildFile; fileRef = E20F53C32101185A00BCA7A6 /* AppDelegate.swift */; };
		E20F53C62101185A00BCA7A6 /* ViewController.swift in Sources */ = {isa = PBXBuildFile; fileRef = E20F53C52101185A00BCA7A6 /* ViewController.swift */; };
		E20F53C92101185A00BCA7A6 /* Main.storyboard in Resources */ = {isa = PBXBuildFile; fileRef = E20F53C72101185A00BCA7A6 /* Main.storyboard */; };
		E20F53CC2101185A00BCA7A6 /* Rawee.xcdatamodeld in Sources */ = {isa = PBXBuildFile; fileRef = E20F53CA2101185A00BCA7A6 /* Rawee.xcdatamodeld */; };
		E20F53CE2101185D00BCA7A6 /* Assets.xcassets in Resources */ = {isa = PBXBuildFile; fileRef = E20F53CD2101185D00BCA7A6 /* Assets.xcassets */; };
		E20F53D12101185D00BCA7A6 /* LaunchScreen.storyboard in Resources */ = {isa = PBXBuildFile; fileRef = E20F53CF2101185D00BCA7A6 /* LaunchScreen.storyboard */; };
		E20F53DC2101185D00BCA7A6 /* RaweeTests.swift in Sources */ = {isa = PBXBuildFile; fileRef = E20F53DB2101185D00BCA7A6 /* RaweeTests.swift */; };
		E20F53E72101185D00BCA7A6 /* RaweeUITests.swift in Sources */ = {isa = PBXBuildFile; fileRef = E20F53E62101185D00BCA7A6 /* RaweeUITests.swift */; };
		E20F54E721011C3E00BCA7A6 /* SettingsCoordinator.swift in Sources */ = {isa = PBXBuildFile; fileRef = E20F549F21011C3D00BCA7A6 /* SettingsCoordinator.swift */; };
		E20F54E821011C3E00BCA7A6 /* SettingsViewController.swift in Sources */ = {isa = PBXBuildFile; fileRef = E20F54A021011C3D00BCA7A6 /* SettingsViewController.swift */; };
		E20F54E921011C3E00BCA7A6 /* RWView.swift in Sources */ = {isa = PBXBuildFile; fileRef = E20F54A321011C3D00BCA7A6 /* RWView.swift */; };
		E20F54EA21011C3E00BCA7A6 /* UIView+Helper.swift in Sources */ = {isa = PBXBuildFile; fileRef = E20F54A421011C3D00BCA7A6 /* UIView+Helper.swift */; };
		E20F54EB21011C3E00BCA7A6 /* Error.swift in Sources */ = {isa = PBXBuildFile; fileRef = E20F54A521011C3D00BCA7A6 /* Error.swift */; };
		E20F54EC21011C3E00BCA7A6 /* UIColor+Application.swift in Sources */ = {isa = PBXBuildFile; fileRef = E20F54A721011C3D00BCA7A6 /* UIColor+Application.swift */; };
		E20F54ED21011C3E00BCA7A6 /* Color.xcassets in Resources */ = {isa = PBXBuildFile; fileRef = E20F54A821011C3D00BCA7A6 /* Color.xcassets */; };
		E20F54EE21011C3E00BCA7A6 /* NWImage.swift in Sources */ = {isa = PBXBuildFile; fileRef = E20F54AA21011C3D00BCA7A6 /* NWImage.swift */; };
		E20F54EF21011C3E00BCA7A6 /* UserManager.swift in Sources */ = {isa = PBXBuildFile; fileRef = E20F54AC21011C3D00BCA7A6 /* UserManager.swift */; };
		E20F54F021011C3E00BCA7A6 /* Member.swift in Sources */ = {isa = PBXBuildFile; fileRef = E20F54AD21011C3D00BCA7A6 /* Member.swift */; };
		E20F54F121011C3E00BCA7A6 /* Coordinator.swift in Sources */ = {isa = PBXBuildFile; fileRef = E20F54AE21011C3D00BCA7A6 /* Coordinator.swift */; };
		E20F54F221011C3E00BCA7A6 /* FavoritesCoordinator.swift in Sources */ = {isa = PBXBuildFile; fileRef = E20F54B021011C3D00BCA7A6 /* FavoritesCoordinator.swift */; };
		E20F54F321011C3E00BCA7A6 /* FavoritesViewController.swift in Sources */ = {isa = PBXBuildFile; fileRef = E20F54B121011C3D00BCA7A6 /* FavoritesViewController.swift */; };
		E20F54F421011C3E00BCA7A6 /* HomeParser.swift in Sources */ = {isa = PBXBuildFile; fileRef = E20F54B521011C3D00BCA7A6 /* HomeParser.swift */; };
		E20F54F521011C3E00BCA7A6 /* ProductHomeResponse.swift in Sources */ = {isa = PBXBuildFile; fileRef = E20F54B721011C3D00BCA7A6 /* ProductHomeResponse.swift */; };
		E20F54F621011C3E00BCA7A6 /* InfoProductHomeResponse.swift in Sources */ = {isa = PBXBuildFile; fileRef = E20F54B821011C3D00BCA7A6 /* InfoProductHomeResponse.swift */; };
		E20F54F721011C3E00BCA7A6 /* PricingProductHomeResponse.swift in Sources */ = {isa = PBXBuildFile; fileRef = E20F54B921011C3D00BCA7A6 /* PricingProductHomeResponse.swift */; };
		E20F54F821011C3E00BCA7A6 /* HomeResponse.swift in Sources */ = {isa = PBXBuildFile; fileRef = E20F54BA21011C3D00BCA7A6 /* HomeResponse.swift */; };
		E20F54F921011C3E00BCA7A6 /* HomeWebservices.swift in Sources */ = {isa = PBXBuildFile; fileRef = E20F54BB21011C3D00BCA7A6 /* HomeWebservices.swift */; };
		E20F54FA21011C3E00BCA7A6 /* HomeRepository.swift in Sources */ = {isa = PBXBuildFile; fileRef = E20F54BC21011C3D00BCA7A6 /* HomeRepository.swift */; };
		E20F54FB21011C3E00BCA7A6 /* HomeCoordinator.swift in Sources */ = {isa = PBXBuildFile; fileRef = E20F54BD21011C3D00BCA7A6 /* HomeCoordinator.swift */; };
		E20F54FC21011C3E00BCA7A6 /* HomeProduct.swift in Sources */ = {isa = PBXBuildFile; fileRef = E20F54BF21011C3D00BCA7A6 /* HomeProduct.swift */; };
		E20F54FD21011C3E00BCA7A6 /* Home.swift in Sources */ = {isa = PBXBuildFile; fileRef = E20F54C021011C3D00BCA7A6 /* Home.swift */; };
		E20F54FE21011C3E00BCA7A6 /* HomeTableViewDataSource.swift in Sources */ = {isa = PBXBuildFile; fileRef = E20F54C321011C3D00BCA7A6 /* HomeTableViewDataSource.swift */; };
		E20F54FF21011C3E00BCA7A6 /* HomeViewModel.swift in Sources */ = {isa = PBXBuildFile; fileRef = E20F54C421011C3D00BCA7A6 /* HomeViewModel.swift */; };
		E20F550021011C3E00BCA7A6 /* HomeProductTableViewCell.xib in Resources */ = {isa = PBXBuildFile; fileRef = E20F54C621011C3D00BCA7A6 /* HomeProductTableViewCell.xib */; };
		E20F550121011C3E00BCA7A6 /* HomeProductTableViewCell.swift in Sources */ = {isa = PBXBuildFile; fileRef = E20F54C721011C3D00BCA7A6 /* HomeProductTableViewCell.swift */; };
		E20F550221011C3E00BCA7A6 /* HomeTableViewController.swift in Sources */ = {isa = PBXBuildFile; fileRef = E20F54C821011C3D00BCA7A6 /* HomeTableViewController.swift */; };
		E20F550321011C3E00BCA7A6 /* ProductSheetRepository.swift in Sources */ = {isa = PBXBuildFile; fileRef = E20F54CB21011C3D00BCA7A6 /* ProductSheetRepository.swift */; };
		E20F550421011C3E00BCA7A6 /* ProductSheetParser.swift in Sources */ = {isa = PBXBuildFile; fileRef = E20F54CD21011C3D00BCA7A6 /* ProductSheetParser.swift */; };
		E20F550521011C3E00BCA7A6 /* ProductSheetWebservices.swift in Sources */ = {isa = PBXBuildFile; fileRef = E20F54CE21011C3D00BCA7A6 /* ProductSheetWebservices.swift */; };
		E20F550621011C3E00BCA7A6 /* InfoProductSheetResponse.swift in Sources */ = {isa = PBXBuildFile; fileRef = E20F54D021011C3D00BCA7A6 /* InfoProductSheetResponse.swift */; };
		E20F550721011C3E00BCA7A6 /* PricingProductSheetResponse.swift in Sources */ = {isa = PBXBuildFile; fileRef = E20F54D121011C3D00BCA7A6 /* PricingProductSheetResponse.swift */; };
		E20F550821011C3E00BCA7A6 /* ProductSheetResponse.swift in Sources */ = {isa = PBXBuildFile; fileRef = E20F54D221011C3D00BCA7A6 /* ProductSheetResponse.swift */; };
		E20F550921011C3E00BCA7A6 /* ProductProductSheetResponse.swift in Sources */ = {isa = PBXBuildFile; fileRef = E20F54D321011C3D00BCA7A6 /* ProductProductSheetResponse.swift */; };
		E20F550A21011C3E00BCA7A6 /* ProductSheetCoordinator.swift in Sources */ = {isa = PBXBuildFile; fileRef = E20F54D421011C3D00BCA7A6 /* ProductSheetCoordinator.swift */; };
		E20F550B21011C3E00BCA7A6 /* ProductSheet.swift in Sources */ = {isa = PBXBuildFile; fileRef = E20F54D621011C3D00BCA7A6 /* ProductSheet.swift */; };
		E20F550C21011C3E00BCA7A6 /* ProductSheetViewController.xib in Resources */ = {isa = PBXBuildFile; fileRef = E20F54D921011C3D00BCA7A6 /* ProductSheetViewController.xib */; };
		E20F550D21011C3E00BCA7A6 /* ProductSheetViewModel.swift in Sources */ = {isa = PBXBuildFile; fileRef = E20F54DA21011C3D00BCA7A6 /* ProductSheetViewModel.swift */; };
		E20F550E21011C3E00BCA7A6 /* ProductSheetViewController.swift in Sources */ = {isa = PBXBuildFile; fileRef = E20F54DB21011C3D00BCA7A6 /* ProductSheetViewController.swift */; };
		E20F550F21011C3E00BCA7A6 /* ReaderCoordinator.swift in Sources */ = {isa = PBXBuildFile; fileRef = E20F54DD21011C3E00BCA7A6 /* ReaderCoordinator.swift */; };
		E20F551021011C3E00BCA7A6 /* ReaderViewController.swift in Sources */ = {isa = PBXBuildFile; fileRef = E20F54DF21011C3E00BCA7A6 /* ReaderViewController.swift */; };
		E20F551121011C3E00BCA7A6 /* ReaderViewController.xib in Resources */ = {isa = PBXBuildFile; fileRef = E20F54E021011C3E00BCA7A6 /* ReaderViewController.xib */; };
		E20F551221011C3E00BCA7A6 /* Model.swift in Sources */ = {isa = PBXBuildFile; fileRef = E20F54E421011C3E00BCA7A6 /* Model.swift */; };
		E20F551321011C3E00BCA7A6 /* Network.swift in Sources */ = {isa = PBXBuildFile; fileRef = E20F54E521011C3E00BCA7A6 /* Network.swift */; };
		E20F551421011C3E00BCA7A6 /* WebserviceParser.swift in Sources */ = {isa = PBXBuildFile; fileRef = E20F54E621011C3E00BCA7A6 /* WebserviceParser.swift */; };
		E20F551821011C8000BCA7A6 /* LeChatNoir.epub in Resources */ = {isa = PBXBuildFile; fileRef = E20F551721011C8000BCA7A6 /* LeChatNoir.epub */; };
		E20F551B21011CDD00BCA7A6 /* ApplicationCoordinator.swift in Sources */ = {isa = PBXBuildFile; fileRef = E20F551A21011CDD00BCA7A6 /* ApplicationCoordinator.swift */; };
/* End PBXBuildFile section */

/* Begin PBXContainerItemProxy section */
		E20F53D82101185D00BCA7A6 /* PBXContainerItemProxy */ = {
			isa = PBXContainerItemProxy;
			containerPortal = E20F53B82101185A00BCA7A6 /* Project object */;
			proxyType = 1;
			remoteGlobalIDString = E20F53BF2101185A00BCA7A6;
			remoteInfo = Rawee;
		};
		E20F53E32101185D00BCA7A6 /* PBXContainerItemProxy */ = {
			isa = PBXContainerItemProxy;
			containerPortal = E20F53B82101185A00BCA7A6 /* Project object */;
			proxyType = 1;
			remoteGlobalIDString = E20F53BF2101185A00BCA7A6;
			remoteInfo = Rawee;
		};
/* End PBXContainerItemProxy section */

/* Begin PBXFileReference section */
		E20F53C02101185A00BCA7A6 /* Rawee.app */ = {isa = PBXFileReference; explicitFileType = wrapper.application; includeInIndex = 0; path = Rawee.app; sourceTree = BUILT_PRODUCTS_DIR; };
		E20F53C32101185A00BCA7A6 /* AppDelegate.swift */ = {isa = PBXFileReference; lastKnownFileType = sourcecode.swift; path = AppDelegate.swift; sourceTree = "<group>"; };
		E20F53C52101185A00BCA7A6 /* ViewController.swift */ = {isa = PBXFileReference; lastKnownFileType = sourcecode.swift; path = ViewController.swift; sourceTree = "<group>"; };
		E20F53C82101185A00BCA7A6 /* Base */ = {isa = PBXFileReference; lastKnownFileType = file.storyboard; name = Base; path = Base.lproj/Main.storyboard; sourceTree = "<group>"; };
		E20F53CB2101185A00BCA7A6 /* Rawee.xcdatamodel */ = {isa = PBXFileReference; lastKnownFileType = wrapper.xcdatamodel; path = Rawee.xcdatamodel; sourceTree = "<group>"; };
		E20F53CD2101185D00BCA7A6 /* Assets.xcassets */ = {isa = PBXFileReference; lastKnownFileType = folder.assetcatalog; path = Assets.xcassets; sourceTree = "<group>"; };
		E20F53D02101185D00BCA7A6 /* Base */ = {isa = PBXFileReference; lastKnownFileType = file.storyboard; name = Base; path = Base.lproj/LaunchScreen.storyboard; sourceTree = "<group>"; };
		E20F53D22101185D00BCA7A6 /* Info.plist */ = {isa = PBXFileReference; lastKnownFileType = text.plist.xml; path = Info.plist; sourceTree = "<group>"; };
		E20F53D72101185D00BCA7A6 /* RaweeTests.xctest */ = {isa = PBXFileReference; explicitFileType = wrapper.cfbundle; includeInIndex = 0; path = RaweeTests.xctest; sourceTree = BUILT_PRODUCTS_DIR; };
		E20F53DB2101185D00BCA7A6 /* RaweeTests.swift */ = {isa = PBXFileReference; lastKnownFileType = sourcecode.swift; path = RaweeTests.swift; sourceTree = "<group>"; };
		E20F53DD2101185D00BCA7A6 /* Info.plist */ = {isa = PBXFileReference; lastKnownFileType = text.plist.xml; path = Info.plist; sourceTree = "<group>"; };
		E20F53E22101185D00BCA7A6 /* RaweeUITests.xctest */ = {isa = PBXFileReference; explicitFileType = wrapper.cfbundle; includeInIndex = 0; path = RaweeUITests.xctest; sourceTree = BUILT_PRODUCTS_DIR; };
		E20F53E62101185D00BCA7A6 /* RaweeUITests.swift */ = {isa = PBXFileReference; lastKnownFileType = sourcecode.swift; path = RaweeUITests.swift; sourceTree = "<group>"; };
		E20F53E82101185D00BCA7A6 /* Info.plist */ = {isa = PBXFileReference; lastKnownFileType = text.plist.xml; path = Info.plist; sourceTree = "<group>"; };
		E20F549F21011C3D00BCA7A6 /* SettingsCoordinator.swift */ = {isa = PBXFileReference; fileEncoding = 4; lastKnownFileType = sourcecode.swift; path = SettingsCoordinator.swift; sourceTree = "<group>"; };
		E20F54A021011C3D00BCA7A6 /* SettingsViewController.swift */ = {isa = PBXFileReference; fileEncoding = 4; lastKnownFileType = sourcecode.swift; path = SettingsViewController.swift; sourceTree = "<group>"; };
		E20F54A321011C3D00BCA7A6 /* RWView.swift */ = {isa = PBXFileReference; fileEncoding = 4; lastKnownFileType = sourcecode.swift; path = RWView.swift; sourceTree = "<group>"; };
		E20F54A421011C3D00BCA7A6 /* UIView+Helper.swift */ = {isa = PBXFileReference; fileEncoding = 4; lastKnownFileType = sourcecode.swift; path = "UIView+Helper.swift"; sourceTree = "<group>"; };
		E20F54A521011C3D00BCA7A6 /* Error.swift */ = {isa = PBXFileReference; fileEncoding = 4; lastKnownFileType = sourcecode.swift; path = Error.swift; sourceTree = "<group>"; };
		E20F54A721011C3D00BCA7A6 /* UIColor+Application.swift */ = {isa = PBXFileReference; fileEncoding = 4; lastKnownFileType = sourcecode.swift; path = "UIColor+Application.swift"; sourceTree = "<group>"; };
		E20F54A821011C3D00BCA7A6 /* Color.xcassets */ = {isa = PBXFileReference; lastKnownFileType = folder.assetcatalog; path = Color.xcassets; sourceTree = "<group>"; };
		E20F54AA21011C3D00BCA7A6 /* NWImage.swift */ = {isa = PBXFileReference; fileEncoding = 4; lastKnownFileType = sourcecode.swift; path = NWImage.swift; sourceTree = "<group>"; };
		E20F54AC21011C3D00BCA7A6 /* UserManager.swift */ = {isa = PBXFileReference; fileEncoding = 4; lastKnownFileType = sourcecode.swift; path = UserManager.swift; sourceTree = "<group>"; };
		E20F54AD21011C3D00BCA7A6 /* Member.swift */ = {isa = PBXFileReference; fileEncoding = 4; lastKnownFileType = sourcecode.swift; path = Member.swift; sourceTree = "<group>"; };
		E20F54AE21011C3D00BCA7A6 /* Coordinator.swift */ = {isa = PBXFileReference; fileEncoding = 4; lastKnownFileType = sourcecode.swift; path = Coordinator.swift; sourceTree = "<group>"; };
		E20F54B021011C3D00BCA7A6 /* FavoritesCoordinator.swift */ = {isa = PBXFileReference; fileEncoding = 4; lastKnownFileType = sourcecode.swift; path = FavoritesCoordinator.swift; sourceTree = "<group>"; };
		E20F54B121011C3D00BCA7A6 /* FavoritesViewController.swift */ = {isa = PBXFileReference; fileEncoding = 4; lastKnownFileType = sourcecode.swift; path = FavoritesViewController.swift; sourceTree = "<group>"; };
		E20F54B521011C3D00BCA7A6 /* HomeParser.swift */ = {isa = PBXFileReference; fileEncoding = 4; lastKnownFileType = sourcecode.swift; path = HomeParser.swift; sourceTree = "<group>"; };
		E20F54B721011C3D00BCA7A6 /* ProductHomeResponse.swift */ = {isa = PBXFileReference; fileEncoding = 4; lastKnownFileType = sourcecode.swift; path = ProductHomeResponse.swift; sourceTree = "<group>"; };
		E20F54B821011C3D00BCA7A6 /* InfoProductHomeResponse.swift */ = {isa = PBXFileReference; fileEncoding = 4; lastKnownFileType = sourcecode.swift; path = InfoProductHomeResponse.swift; sourceTree = "<group>"; };
		E20F54B921011C3D00BCA7A6 /* PricingProductHomeResponse.swift */ = {isa = PBXFileReference; fileEncoding = 4; lastKnownFileType = sourcecode.swift; path = PricingProductHomeResponse.swift; sourceTree = "<group>"; };
		E20F54BA21011C3D00BCA7A6 /* HomeResponse.swift */ = {isa = PBXFileReference; fileEncoding = 4; lastKnownFileType = sourcecode.swift; path = HomeResponse.swift; sourceTree = "<group>"; };
		E20F54BB21011C3D00BCA7A6 /* HomeWebservices.swift */ = {isa = PBXFileReference; fileEncoding = 4; lastKnownFileType = sourcecode.swift; path = HomeWebservices.swift; sourceTree = "<group>"; };
		E20F54BC21011C3D00BCA7A6 /* HomeRepository.swift */ = {isa = PBXFileReference; fileEncoding = 4; lastKnownFileType = sourcecode.swift; path = HomeRepository.swift; sourceTree = "<group>"; };
		E20F54BD21011C3D00BCA7A6 /* HomeCoordinator.swift */ = {isa = PBXFileReference; fileEncoding = 4; lastKnownFileType = sourcecode.swift; path = HomeCoordinator.swift; sourceTree = "<group>"; };
		E20F54BF21011C3D00BCA7A6 /* HomeProduct.swift */ = {isa = PBXFileReference; fileEncoding = 4; lastKnownFileType = sourcecode.swift; path = HomeProduct.swift; sourceTree = "<group>"; };
		E20F54C021011C3D00BCA7A6 /* Home.swift */ = {isa = PBXFileReference; fileEncoding = 4; lastKnownFileType = sourcecode.swift; path = Home.swift; sourceTree = "<group>"; };
		E20F54C321011C3D00BCA7A6 /* HomeTableViewDataSource.swift */ = {isa = PBXFileReference; fileEncoding = 4; lastKnownFileType = sourcecode.swift; path = HomeTableViewDataSource.swift; sourceTree = "<group>"; };
		E20F54C421011C3D00BCA7A6 /* HomeViewModel.swift */ = {isa = PBXFileReference; fileEncoding = 4; lastKnownFileType = sourcecode.swift; path = HomeViewModel.swift; sourceTree = "<group>"; };
		E20F54C621011C3D00BCA7A6 /* HomeProductTableViewCell.xib */ = {isa = PBXFileReference; fileEncoding = 4; lastKnownFileType = file.xib; path = HomeProductTableViewCell.xib; sourceTree = "<group>"; };
		E20F54C721011C3D00BCA7A6 /* HomeProductTableViewCell.swift */ = {isa = PBXFileReference; fileEncoding = 4; lastKnownFileType = sourcecode.swift; path = HomeProductTableViewCell.swift; sourceTree = "<group>"; };
		E20F54C821011C3D00BCA7A6 /* HomeTableViewController.swift */ = {isa = PBXFileReference; fileEncoding = 4; lastKnownFileType = sourcecode.swift; path = HomeTableViewController.swift; sourceTree = "<group>"; };
		E20F54CB21011C3D00BCA7A6 /* ProductSheetRepository.swift */ = {isa = PBXFileReference; fileEncoding = 4; lastKnownFileType = sourcecode.swift; path = ProductSheetRepository.swift; sourceTree = "<group>"; };
		E20F54CD21011C3D00BCA7A6 /* ProductSheetParser.swift */ = {isa = PBXFileReference; fileEncoding = 4; lastKnownFileType = sourcecode.swift; path = ProductSheetParser.swift; sourceTree = "<group>"; };
		E20F54CE21011C3D00BCA7A6 /* ProductSheetWebservices.swift */ = {isa = PBXFileReference; fileEncoding = 4; lastKnownFileType = sourcecode.swift; path = ProductSheetWebservices.swift; sourceTree = "<group>"; };
		E20F54D021011C3D00BCA7A6 /* InfoProductSheetResponse.swift */ = {isa = PBXFileReference; fileEncoding = 4; lastKnownFileType = sourcecode.swift; path = InfoProductSheetResponse.swift; sourceTree = "<group>"; };
		E20F54D121011C3D00BCA7A6 /* PricingProductSheetResponse.swift */ = {isa = PBXFileReference; fileEncoding = 4; lastKnownFileType = sourcecode.swift; path = PricingProductSheetResponse.swift; sourceTree = "<group>"; };
		E20F54D221011C3D00BCA7A6 /* ProductSheetResponse.swift */ = {isa = PBXFileReference; fileEncoding = 4; lastKnownFileType = sourcecode.swift; path = ProductSheetResponse.swift; sourceTree = "<group>"; };
		E20F54D321011C3D00BCA7A6 /* ProductProductSheetResponse.swift */ = {isa = PBXFileReference; fileEncoding = 4; lastKnownFileType = sourcecode.swift; path = ProductProductSheetResponse.swift; sourceTree = "<group>"; };
		E20F54D421011C3D00BCA7A6 /* ProductSheetCoordinator.swift */ = {isa = PBXFileReference; fileEncoding = 4; lastKnownFileType = sourcecode.swift; path = ProductSheetCoordinator.swift; sourceTree = "<group>"; };
		E20F54D621011C3D00BCA7A6 /* ProductSheet.swift */ = {isa = PBXFileReference; fileEncoding = 4; lastKnownFileType = sourcecode.swift; path = ProductSheet.swift; sourceTree = "<group>"; };
		E20F54D921011C3D00BCA7A6 /* ProductSheetViewController.xib */ = {isa = PBXFileReference; fileEncoding = 4; lastKnownFileType = file.xib; path = ProductSheetViewController.xib; sourceTree = "<group>"; };
		E20F54DA21011C3D00BCA7A6 /* ProductSheetViewModel.swift */ = {isa = PBXFileReference; fileEncoding = 4; lastKnownFileType = sourcecode.swift; path = ProductSheetViewModel.swift; sourceTree = "<group>"; };
		E20F54DB21011C3D00BCA7A6 /* ProductSheetViewController.swift */ = {isa = PBXFileReference; fileEncoding = 4; lastKnownFileType = sourcecode.swift; path = ProductSheetViewController.swift; sourceTree = "<group>"; };
		E20F54DD21011C3E00BCA7A6 /* ReaderCoordinator.swift */ = {isa = PBXFileReference; fileEncoding = 4; lastKnownFileType = sourcecode.swift; path = ReaderCoordinator.swift; sourceTree = "<group>"; };
		E20F54DF21011C3E00BCA7A6 /* ReaderViewController.swift */ = {isa = PBXFileReference; fileEncoding = 4; lastKnownFileType = sourcecode.swift; path = ReaderViewController.swift; sourceTree = "<group>"; };
		E20F54E021011C3E00BCA7A6 /* ReaderViewController.xib */ = {isa = PBXFileReference; fileEncoding = 4; lastKnownFileType = file.xib; path = ReaderViewController.xib; sourceTree = "<group>"; };
		E20F54E421011C3E00BCA7A6 /* Model.swift */ = {isa = PBXFileReference; fileEncoding = 4; lastKnownFileType = sourcecode.swift; path = Model.swift; sourceTree = "<group>"; };
		E20F54E521011C3E00BCA7A6 /* Network.swift */ = {isa = PBXFileReference; fileEncoding = 4; lastKnownFileType = sourcecode.swift; path = Network.swift; sourceTree = "<group>"; };
		E20F54E621011C3E00BCA7A6 /* WebserviceParser.swift */ = {isa = PBXFileReference; fileEncoding = 4; lastKnownFileType = sourcecode.swift; path = WebserviceParser.swift; sourceTree = "<group>"; };
		E20F551721011C8000BCA7A6 /* LeChatNoir.epub */ = {isa = PBXFileReference; lastKnownFileType = file; path = LeChatNoir.epub; sourceTree = "<group>"; };
		E20F551A21011CDD00BCA7A6 /* ApplicationCoordinator.swift */ = {isa = PBXFileReference; fileEncoding = 4; lastKnownFileType = sourcecode.swift; path = ApplicationCoordinator.swift; sourceTree = "<group>"; };
/* End PBXFileReference section */

/* Begin PBXFrameworksBuildPhase section */
		E20F53BD2101185A00BCA7A6 /* Frameworks */ = {
			isa = PBXFrameworksBuildPhase;
			buildActionMask = 2147483647;
			files = (
			);
			runOnlyForDeploymentPostprocessing = 0;
		};
		E20F53D42101185D00BCA7A6 /* Frameworks */ = {
			isa = PBXFrameworksBuildPhase;
			buildActionMask = 2147483647;
			files = (
			);
			runOnlyForDeploymentPostprocessing = 0;
		};
		E20F53DF2101185D00BCA7A6 /* Frameworks */ = {
			isa = PBXFrameworksBuildPhase;
			buildActionMask = 2147483647;
			files = (
			);
			runOnlyForDeploymentPostprocessing = 0;
		};
/* End PBXFrameworksBuildPhase section */

/* Begin PBXGroup section */
		E20F53B72101185A00BCA7A6 = {
			isa = PBXGroup;
			children = (
				E20F53C22101185A00BCA7A6 /* Rawee */,
				E20F53DA2101185D00BCA7A6 /* RaweeTests */,
				E20F53E52101185D00BCA7A6 /* RaweeUITests */,
				E20F53C12101185A00BCA7A6 /* Products */,
			);
			sourceTree = "<group>";
		};
		E20F53C12101185A00BCA7A6 /* Products */ = {
			isa = PBXGroup;
			children = (
				E20F53C02101185A00BCA7A6 /* Rawee.app */,
				E20F53D72101185D00BCA7A6 /* RaweeTests.xctest */,
				E20F53E22101185D00BCA7A6 /* RaweeUITests.xctest */,
			);
			name = Products;
			sourceTree = "<group>";
		};
		E20F53C22101185A00BCA7A6 /* Rawee */ = {
			isa = PBXGroup;
			children = (
				E20F551921011C9200BCA7A6 /* Main */,
				E20F549D21011C3C00BCA7A6 /* Cart */,
				E20F54A121011C3D00BCA7A6 /* Common */,
				E20F54AF21011C3D00BCA7A6 /* Favorites */,
				E20F54B221011C3D00BCA7A6 /* Home */,
				E20F54E321011C3E00BCA7A6 /* Network */,
				E20F54C921011C3D00BCA7A6 /* ProductSheet */,
				E20F54DC21011C3E00BCA7A6 /* Reader */,
				E20F549E21011C3D00BCA7A6 /* Settings */,
				E20F54E121011C3E00BCA7A6 /* SignIn */,
				E20F54E221011C3E00BCA7A6 /* SignUp */,
				E20F551621011C8000BCA7A6 /* Resources */,
				E20F53C52101185A00BCA7A6 /* ViewController.swift */,
			);
			path = Rawee;
			sourceTree = "<group>";
		};
		E20F53DA2101185D00BCA7A6 /* RaweeTests */ = {
			isa = PBXGroup;
			children = (
				E20F53DB2101185D00BCA7A6 /* RaweeTests.swift */,
				E20F53DD2101185D00BCA7A6 /* Info.plist */,
			);
			path = RaweeTests;
			sourceTree = "<group>";
		};
		E20F53E52101185D00BCA7A6 /* RaweeUITests */ = {
			isa = PBXGroup;
			children = (
				E20F53E62101185D00BCA7A6 /* RaweeUITests.swift */,
				E20F53E82101185D00BCA7A6 /* Info.plist */,
			);
			path = RaweeUITests;
			sourceTree = "<group>";
		};
		E20F549D21011C3C00BCA7A6 /* Cart */ = {
			isa = PBXGroup;
			children = (
			);
			path = Cart;
			sourceTree = "<group>";
		};
		E20F549E21011C3D00BCA7A6 /* Settings */ = {
			isa = PBXGroup;
			children = (
				E20F549F21011C3D00BCA7A6 /* SettingsCoordinator.swift */,
				E20F54A021011C3D00BCA7A6 /* SettingsViewController.swift */,
			);
			path = Settings;
			sourceTree = "<group>";
		};
		E20F54A121011C3D00BCA7A6 /* Common */ = {
			isa = PBXGroup;
			children = (
				E20F54A221011C3D00BCA7A6 /* UI */,
				E20F54A521011C3D00BCA7A6 /* Error.swift */,
				E20F54A621011C3D00BCA7A6 /* Color */,
				E20F54A921011C3D00BCA7A6 /* Network */,
				E20F54AB21011C3D00BCA7A6 /* User */,
				E20F54AE21011C3D00BCA7A6 /* Coordinator.swift */,
			);
			path = Common;
			sourceTree = "<group>";
		};
		E20F54A221011C3D00BCA7A6 /* UI */ = {
			isa = PBXGroup;
			children = (
				E20F54A321011C3D00BCA7A6 /* RWView.swift */,
				E20F54A421011C3D00BCA7A6 /* UIView+Helper.swift */,
			);
			path = UI;
			sourceTree = "<group>";
		};
		E20F54A621011C3D00BCA7A6 /* Color */ = {
			isa = PBXGroup;
			children = (
				E20F54A721011C3D00BCA7A6 /* UIColor+Application.swift */,
				E20F54A821011C3D00BCA7A6 /* Color.xcassets */,
			);
			path = Color;
			sourceTree = "<group>";
		};
		E20F54A921011C3D00BCA7A6 /* Network */ = {
			isa = PBXGroup;
			children = (
				E20F54AA21011C3D00BCA7A6 /* NWImage.swift */,
			);
			path = Network;
			sourceTree = "<group>";
		};
		E20F54AB21011C3D00BCA7A6 /* User */ = {
			isa = PBXGroup;
			children = (
				E20F54AC21011C3D00BCA7A6 /* UserManager.swift */,
				E20F54AD21011C3D00BCA7A6 /* Member.swift */,
			);
			path = User;
			sourceTree = "<group>";
		};
		E20F54AF21011C3D00BCA7A6 /* Favorites */ = {
			isa = PBXGroup;
			children = (
				E20F54B021011C3D00BCA7A6 /* FavoritesCoordinator.swift */,
				E20F54B121011C3D00BCA7A6 /* FavoritesViewController.swift */,
			);
			path = Favorites;
			sourceTree = "<group>";
		};
		E20F54B221011C3D00BCA7A6 /* Home */ = {
			isa = PBXGroup;
			children = (
				E20F54B321011C3D00BCA7A6 /* Network */,
				E20F54BD21011C3D00BCA7A6 /* HomeCoordinator.swift */,
				E20F54BE21011C3D00BCA7A6 /* Model */,
				E20F54C121011C3D00BCA7A6 /* View */,
			);
			path = Home;
			sourceTree = "<group>";
		};
		E20F54B321011C3D00BCA7A6 /* Network */ = {
			isa = PBXGroup;
			children = (
				E20F54B421011C3D00BCA7A6 /* Parser */,
				E20F54B621011C3D00BCA7A6 /* Model */,
				E20F54BB21011C3D00BCA7A6 /* HomeWebservices.swift */,
				E20F54BC21011C3D00BCA7A6 /* HomeRepository.swift */,
			);
			path = Network;
			sourceTree = "<group>";
		};
		E20F54B421011C3D00BCA7A6 /* Parser */ = {
			isa = PBXGroup;
			children = (
				E20F54B521011C3D00BCA7A6 /* HomeParser.swift */,
			);
			path = Parser;
			sourceTree = "<group>";
		};
		E20F54B621011C3D00BCA7A6 /* Model */ = {
			isa = PBXGroup;
			children = (
				E20F54B721011C3D00BCA7A6 /* ProductHomeResponse.swift */,
				E20F54B821011C3D00BCA7A6 /* InfoProductHomeResponse.swift */,
				E20F54B921011C3D00BCA7A6 /* PricingProductHomeResponse.swift */,
				E20F54BA21011C3D00BCA7A6 /* HomeResponse.swift */,
			);
			path = Model;
			sourceTree = "<group>";
		};
		E20F54BE21011C3D00BCA7A6 /* Model */ = {
			isa = PBXGroup;
			children = (
				E20F54BF21011C3D00BCA7A6 /* HomeProduct.swift */,
				E20F54C021011C3D00BCA7A6 /* Home.swift */,
			);
			path = Model;
			sourceTree = "<group>";
		};
		E20F54C121011C3D00BCA7A6 /* View */ = {
			isa = PBXGroup;
			children = (
				E20F54C221011C3D00BCA7A6 /* DataSource */,
				E20F54C421011C3D00BCA7A6 /* HomeViewModel.swift */,
				E20F54C521011C3D00BCA7A6 /* Cell */,
				E20F54C821011C3D00BCA7A6 /* HomeTableViewController.swift */,
			);
			path = View;
			sourceTree = "<group>";
		};
		E20F54C221011C3D00BCA7A6 /* DataSource */ = {
			isa = PBXGroup;
			children = (
				E20F54C321011C3D00BCA7A6 /* HomeTableViewDataSource.swift */,
			);
			path = DataSource;
			sourceTree = "<group>";
		};
		E20F54C521011C3D00BCA7A6 /* Cell */ = {
			isa = PBXGroup;
			children = (
				E20F54C621011C3D00BCA7A6 /* HomeProductTableViewCell.xib */,
				E20F54C721011C3D00BCA7A6 /* HomeProductTableViewCell.swift */,
			);
			path = Cell;
			sourceTree = "<group>";
		};
		E20F54C921011C3D00BCA7A6 /* ProductSheet */ = {
			isa = PBXGroup;
			children = (
				E20F54CA21011C3D00BCA7A6 /* Network */,
				E20F54D421011C3D00BCA7A6 /* ProductSheetCoordinator.swift */,
				E20F54D521011C3D00BCA7A6 /* Model */,
				E20F54D721011C3D00BCA7A6 /* View */,
			);
			path = ProductSheet;
			sourceTree = "<group>";
		};
		E20F54CA21011C3D00BCA7A6 /* Network */ = {
			isa = PBXGroup;
			children = (
				E20F54CB21011C3D00BCA7A6 /* ProductSheetRepository.swift */,
				E20F54CC21011C3D00BCA7A6 /* Parser */,
				E20F54CE21011C3D00BCA7A6 /* ProductSheetWebservices.swift */,
				E20F54CF21011C3D00BCA7A6 /* Model */,
			);
			path = Network;
			sourceTree = "<group>";
		};
		E20F54CC21011C3D00BCA7A6 /* Parser */ = {
			isa = PBXGroup;
			children = (
				E20F54CD21011C3D00BCA7A6 /* ProductSheetParser.swift */,
			);
			path = Parser;
			sourceTree = "<group>";
		};
		E20F54CF21011C3D00BCA7A6 /* Model */ = {
			isa = PBXGroup;
			children = (
				E20F54D021011C3D00BCA7A6 /* InfoProductSheetResponse.swift */,
				E20F54D121011C3D00BCA7A6 /* PricingProductSheetResponse.swift */,
				E20F54D221011C3D00BCA7A6 /* ProductSheetResponse.swift */,
				E20F54D321011C3D00BCA7A6 /* ProductProductSheetResponse.swift */,
			);
			path = Model;
			sourceTree = "<group>";
		};
		E20F54D521011C3D00BCA7A6 /* Model */ = {
			isa = PBXGroup;
			children = (
				E20F54D621011C3D00BCA7A6 /* ProductSheet.swift */,
			);
			path = Model;
			sourceTree = "<group>";
		};
		E20F54D721011C3D00BCA7A6 /* View */ = {
			isa = PBXGroup;
			children = (
				E20F54D821011C3D00BCA7A6 /* DataSource */,
				E20F54D921011C3D00BCA7A6 /* ProductSheetViewController.xib */,
				E20F54DA21011C3D00BCA7A6 /* ProductSheetViewModel.swift */,
				E20F54DB21011C3D00BCA7A6 /* ProductSheetViewController.swift */,
			);
			path = View;
			sourceTree = "<group>";
		};
		E20F54D821011C3D00BCA7A6 /* DataSource */ = {
			isa = PBXGroup;
			children = (
			);
			path = DataSource;
			sourceTree = "<group>";
		};
		E20F54DC21011C3E00BCA7A6 /* Reader */ = {
			isa = PBXGroup;
			children = (
				E20F54DD21011C3E00BCA7A6 /* ReaderCoordinator.swift */,
				E20F54DE21011C3E00BCA7A6 /* View */,
			);
			path = Reader;
			sourceTree = "<group>";
		};
		E20F54DE21011C3E00BCA7A6 /* View */ = {
			isa = PBXGroup;
			children = (
				E20F54DF21011C3E00BCA7A6 /* ReaderViewController.swift */,
				E20F54E021011C3E00BCA7A6 /* ReaderViewController.xib */,
			);
			path = View;
			sourceTree = "<group>";
		};
		E20F54E121011C3E00BCA7A6 /* SignIn */ = {
			isa = PBXGroup;
			children = (
			);
			path = SignIn;
			sourceTree = "<group>";
		};
		E20F54E221011C3E00BCA7A6 /* SignUp */ = {
			isa = PBXGroup;
			children = (
			);
			path = SignUp;
			sourceTree = "<group>";
		};
		E20F54E321011C3E00BCA7A6 /* Network */ = {
			isa = PBXGroup;
			children = (
				E20F54E421011C3E00BCA7A6 /* Model.swift */,
				E20F54E521011C3E00BCA7A6 /* Network.swift */,
				E20F54E621011C3E00BCA7A6 /* WebserviceParser.swift */,
			);
			path = Network;
			sourceTree = "<group>";
		};
		E20F551621011C8000BCA7A6 /* Resources */ = {
			isa = PBXGroup;
			children = (
				E20F53CD2101185D00BCA7A6 /* Assets.xcassets */,
				E20F551721011C8000BCA7A6 /* LeChatNoir.epub */,
			);
			path = Resources;
			sourceTree = "<group>";
		};
		E20F551921011C9200BCA7A6 /* Main */ = {
			isa = PBXGroup;
			children = (
				E20F53C32101185A00BCA7A6 /* AppDelegate.swift */,
				E20F551A21011CDD00BCA7A6 /* ApplicationCoordinator.swift */,
				E20F53C72101185A00BCA7A6 /* Main.storyboard */,
				E20F53CF2101185D00BCA7A6 /* LaunchScreen.storyboard */,
				E20F53D22101185D00BCA7A6 /* Info.plist */,
				E20F53CA2101185A00BCA7A6 /* Rawee.xcdatamodeld */,
			);
			path = Main;
			sourceTree = "<group>";
		};
/* End PBXGroup section */

/* Begin PBXNativeTarget section */
		E20F53BF2101185A00BCA7A6 /* Rawee */ = {
			isa = PBXNativeTarget;
			buildConfigurationList = E20F53EB2101185D00BCA7A6 /* Build configuration list for PBXNativeTarget "Rawee" */;
			buildPhases = (
				E20F53BC2101185A00BCA7A6 /* Sources */,
				E20F53BD2101185A00BCA7A6 /* Frameworks */,
				E20F53BE2101185A00BCA7A6 /* Resources */,
			);
			buildRules = (
			);
			dependencies = (
			);
			name = Rawee;
			productName = Rawee;
			productReference = E20F53C02101185A00BCA7A6 /* Rawee.app */;
			productType = "com.apple.product-type.application";
		};
		E20F53D62101185D00BCA7A6 /* RaweeTests */ = {
			isa = PBXNativeTarget;
			buildConfigurationList = E20F53EE2101185D00BCA7A6 /* Build configuration list for PBXNativeTarget "RaweeTests" */;
			buildPhases = (
				E20F53D32101185D00BCA7A6 /* Sources */,
				E20F53D42101185D00BCA7A6 /* Frameworks */,
				E20F53D52101185D00BCA7A6 /* Resources */,
			);
			buildRules = (
			);
			dependencies = (
				E20F53D92101185D00BCA7A6 /* PBXTargetDependency */,
			);
			name = RaweeTests;
			productName = RaweeTests;
			productReference = E20F53D72101185D00BCA7A6 /* RaweeTests.xctest */;
			productType = "com.apple.product-type.bundle.unit-test";
		};
		E20F53E12101185D00BCA7A6 /* RaweeUITests */ = {
			isa = PBXNativeTarget;
			buildConfigurationList = E20F53F12101185D00BCA7A6 /* Build configuration list for PBXNativeTarget "RaweeUITests" */;
			buildPhases = (
				E20F53DE2101185D00BCA7A6 /* Sources */,
				E20F53DF2101185D00BCA7A6 /* Frameworks */,
				E20F53E02101185D00BCA7A6 /* Resources */,
			);
			buildRules = (
			);
			dependencies = (
				E20F53E42101185D00BCA7A6 /* PBXTargetDependency */,
			);
			name = RaweeUITests;
			productName = RaweeUITests;
			productReference = E20F53E22101185D00BCA7A6 /* RaweeUITests.xctest */;
			productType = "com.apple.product-type.bundle.ui-testing";
		};
/* End PBXNativeTarget section */

/* Begin PBXProject section */
		E20F53B82101185A00BCA7A6 /* Project object */ = {
			isa = PBXProject;
			attributes = {
				LastSwiftUpdateCheck = 0940;
				LastUpgradeCheck = 0940;
				ORGANIZATIONNAME = rawee;
				TargetAttributes = {
					E20F53BF2101185A00BCA7A6 = {
						CreatedOnToolsVersion = 9.4.1;
					};
					E20F53D62101185D00BCA7A6 = {
						CreatedOnToolsVersion = 9.4.1;
						TestTargetID = E20F53BF2101185A00BCA7A6;
					};
					E20F53E12101185D00BCA7A6 = {
						CreatedOnToolsVersion = 9.4.1;
						TestTargetID = E20F53BF2101185A00BCA7A6;
					};
				};
			};
			buildConfigurationList = E20F53BB2101185A00BCA7A6 /* Build configuration list for PBXProject "Rawee" */;
			compatibilityVersion = "Xcode 9.3";
			developmentRegion = en;
			hasScannedForEncodings = 0;
			knownRegions = (
				en,
				Base,
			);
			mainGroup = E20F53B72101185A00BCA7A6;
			productRefGroup = E20F53C12101185A00BCA7A6 /* Products */;
			projectDirPath = "";
			projectRoot = "";
			targets = (
				E20F53BF2101185A00BCA7A6 /* Rawee */,
				E20F53D62101185D00BCA7A6 /* RaweeTests */,
				E20F53E12101185D00BCA7A6 /* RaweeUITests */,
			);
		};
/* End PBXProject section */

/* Begin PBXResourcesBuildPhase section */
		E20F53BE2101185A00BCA7A6 /* Resources */ = {
			isa = PBXResourcesBuildPhase;
			buildActionMask = 2147483647;
			files = (
				E20F53D12101185D00BCA7A6 /* LaunchScreen.storyboard in Resources */,
				E20F54ED21011C3E00BCA7A6 /* Color.xcassets in Resources */,
				E20F551821011C8000BCA7A6 /* LeChatNoir.epub in Resources */,
				E20F53CE2101185D00BCA7A6 /* Assets.xcassets in Resources */,
				E20F550021011C3E00BCA7A6 /* HomeProductTableViewCell.xib in Resources */,
				E20F550C21011C3E00BCA7A6 /* ProductSheetViewController.xib in Resources */,
				E20F53C92101185A00BCA7A6 /* Main.storyboard in Resources */,
				E20F551121011C3E00BCA7A6 /* ReaderViewController.xib in Resources */,
			);
			runOnlyForDeploymentPostprocessing = 0;
		};
		E20F53D52101185D00BCA7A6 /* Resources */ = {
			isa = PBXResourcesBuildPhase;
			buildActionMask = 2147483647;
			files = (
			);
			runOnlyForDeploymentPostprocessing = 0;
		};
		E20F53E02101185D00BCA7A6 /* Resources */ = {
			isa = PBXResourcesBuildPhase;
			buildActionMask = 2147483647;
			files = (
			);
			runOnlyForDeploymentPostprocessing = 0;
		};
/* End PBXResourcesBuildPhase section */

/* Begin PBXSourcesBuildPhase section */
		E20F53BC2101185A00BCA7A6 /* Sources */ = {
			isa = PBXSourcesBuildPhase;
			buildActionMask = 2147483647;
			files = (
				E20F54EE21011C3E00BCA7A6 /* NWImage.swift in Sources */,
				E20F54F821011C3E00BCA7A6 /* HomeResponse.swift in Sources */,
				E20F550821011C3E00BCA7A6 /* ProductSheetResponse.swift in Sources */,
				E20F550421011C3E00BCA7A6 /* ProductSheetParser.swift in Sources */,
				E20F550A21011C3E00BCA7A6 /* ProductSheetCoordinator.swift in Sources */,
				E20F54F421011C3E00BCA7A6 /* HomeParser.swift in Sources */,
				E20F550D21011C3E00BCA7A6 /* ProductSheetViewModel.swift in Sources */,
				E20F54EB21011C3E00BCA7A6 /* Error.swift in Sources */,
				E20F54F121011C3E00BCA7A6 /* Coordinator.swift in Sources */,
				E20F54EA21011C3E00BCA7A6 /* UIView+Helper.swift in Sources */,
				E20F54FC21011C3E00BCA7A6 /* HomeProduct.swift in Sources */,
				E20F53CC2101185A00BCA7A6 /* Rawee.xcdatamodeld in Sources */,
				E20F550721011C3E00BCA7A6 /* PricingProductSheetResponse.swift in Sources */,
				E20F54E721011C3E00BCA7A6 /* SettingsCoordinator.swift in Sources */,
				E20F54FE21011C3E00BCA7A6 /* HomeTableViewDataSource.swift in Sources */,
				E20F54FF21011C3E00BCA7A6 /* HomeViewModel.swift in Sources */,
				E20F54EC21011C3E00BCA7A6 /* UIColor+Application.swift in Sources */,
				E20F551421011C3E00BCA7A6 /* WebserviceParser.swift in Sources */,
				E20F53C62101185A00BCA7A6 /* ViewController.swift in Sources */,
				E20F54FA21011C3E00BCA7A6 /* HomeRepository.swift in Sources */,
				E20F54F221011C3E00BCA7A6 /* FavoritesCoordinator.swift in Sources */,
				E20F54F521011C3E00BCA7A6 /* ProductHomeResponse.swift in Sources */,
				E20F550F21011C3E00BCA7A6 /* ReaderCoordinator.swift in Sources */,
				E20F550621011C3E00BCA7A6 /* InfoProductSheetResponse.swift in Sources */,
				E20F551021011C3E00BCA7A6 /* ReaderViewController.swift in Sources */,
				E20F54F021011C3E00BCA7A6 /* Member.swift in Sources */,
				E20F54F721011C3E00BCA7A6 /* PricingProductHomeResponse.swift in Sources */,
				E20F550E21011C3E00BCA7A6 /* ProductSheetViewController.swift in Sources */,
				E20F54E821011C3E00BCA7A6 /* SettingsViewController.swift in Sources */,
				E20F550521011C3E00BCA7A6 /* ProductSheetWebservices.swift in Sources */,
				E20F54FB21011C3E00BCA7A6 /* HomeCoordinator.swift in Sources */,
				E20F550221011C3E00BCA7A6 /* HomeTableViewController.swift in Sources */,
				E20F550B21011C3E00BCA7A6 /* ProductSheet.swift in Sources */,
				E20F550921011C3E00BCA7A6 /* ProductProductSheetResponse.swift in Sources */,
				E20F53C42101185A00BCA7A6 /* AppDelegate.swift in Sources */,
				E20F551B21011CDD00BCA7A6 /* ApplicationCoordinator.swift in Sources */,
				E20F54EF21011C3E00BCA7A6 /* UserManager.swift in Sources */,
				E20F54F621011C3E00BCA7A6 /* InfoProductHomeResponse.swift in Sources */,
				E20F54F921011C3E00BCA7A6 /* HomeWebservices.swift in Sources */,
				E20F54FD21011C3E00BCA7A6 /* Home.swift in Sources */,
				E20F551321011C3E00BCA7A6 /* Network.swift in Sources */,
				E20F54F321011C3E00BCA7A6 /* FavoritesViewController.swift in Sources */,
				E20F551221011C3E00BCA7A6 /* Model.swift in Sources */,
				E20F550121011C3E00BCA7A6 /* HomeProductTableViewCell.swift in Sources */,
				E20F54E921011C3E00BCA7A6 /* RWView.swift in Sources */,
				E20F550321011C3E00BCA7A6 /* ProductSheetRepository.swift in Sources */,
			);
			runOnlyForDeploymentPostprocessing = 0;
		};
		E20F53D32101185D00BCA7A6 /* Sources */ = {
			isa = PBXSourcesBuildPhase;
			buildActionMask = 2147483647;
			files = (
				E20F53DC2101185D00BCA7A6 /* RaweeTests.swift in Sources */,
			);
			runOnlyForDeploymentPostprocessing = 0;
		};
		E20F53DE2101185D00BCA7A6 /* Sources */ = {
			isa = PBXSourcesBuildPhase;
			buildActionMask = 2147483647;
			files = (
				E20F53E72101185D00BCA7A6 /* RaweeUITests.swift in Sources */,
			);
			runOnlyForDeploymentPostprocessing = 0;
		};
/* End PBXSourcesBuildPhase section */

/* Begin PBXTargetDependency section */
		E20F53D92101185D00BCA7A6 /* PBXTargetDependency */ = {
			isa = PBXTargetDependency;
			target = E20F53BF2101185A00BCA7A6 /* Rawee */;
			targetProxy = E20F53D82101185D00BCA7A6 /* PBXContainerItemProxy */;
		};
		E20F53E42101185D00BCA7A6 /* PBXTargetDependency */ = {
			isa = PBXTargetDependency;
			target = E20F53BF2101185A00BCA7A6 /* Rawee */;
			targetProxy = E20F53E32101185D00BCA7A6 /* PBXContainerItemProxy */;
		};
/* End PBXTargetDependency section */

/* Begin PBXVariantGroup section */
		E20F53C72101185A00BCA7A6 /* Main.storyboard */ = {
			isa = PBXVariantGroup;
			children = (
				E20F53C82101185A00BCA7A6 /* Base */,
			);
			name = Main.storyboard;
			sourceTree = "<group>";
		};
		E20F53CF2101185D00BCA7A6 /* LaunchScreen.storyboard */ = {
			isa = PBXVariantGroup;
			children = (
				E20F53D02101185D00BCA7A6 /* Base */,
			);
			name = LaunchScreen.storyboard;
			sourceTree = "<group>";
		};
/* End PBXVariantGroup section */

/* Begin XCBuildConfiguration section */
		E20F53E92101185D00BCA7A6 /* Debug */ = {
			isa = XCBuildConfiguration;
			buildSettings = {
				ALWAYS_SEARCH_USER_PATHS = NO;
				CLANG_ANALYZER_NONNULL = YES;
				CLANG_ANALYZER_NUMBER_OBJECT_CONVERSION = YES_AGGRESSIVE;
				CLANG_CXX_LANGUAGE_STANDARD = "gnu++14";
				CLANG_CXX_LIBRARY = "libc++";
				CLANG_ENABLE_MODULES = YES;
				CLANG_ENABLE_OBJC_ARC = YES;
				CLANG_ENABLE_OBJC_WEAK = YES;
				CLANG_WARN_BLOCK_CAPTURE_AUTORELEASING = YES;
				CLANG_WARN_BOOL_CONVERSION = YES;
				CLANG_WARN_COMMA = YES;
				CLANG_WARN_CONSTANT_CONVERSION = YES;
				CLANG_WARN_DEPRECATED_OBJC_IMPLEMENTATIONS = YES;
				CLANG_WARN_DIRECT_OBJC_ISA_USAGE = YES_ERROR;
				CLANG_WARN_DOCUMENTATION_COMMENTS = YES;
				CLANG_WARN_EMPTY_BODY = YES;
				CLANG_WARN_ENUM_CONVERSION = YES;
				CLANG_WARN_INFINITE_RECURSION = YES;
				CLANG_WARN_INT_CONVERSION = YES;
				CLANG_WARN_NON_LITERAL_NULL_CONVERSION = YES;
				CLANG_WARN_OBJC_IMPLICIT_RETAIN_SELF = YES;
				CLANG_WARN_OBJC_LITERAL_CONVERSION = YES;
				CLANG_WARN_OBJC_ROOT_CLASS = YES_ERROR;
				CLANG_WARN_RANGE_LOOP_ANALYSIS = YES;
				CLANG_WARN_STRICT_PROTOTYPES = YES;
				CLANG_WARN_SUSPICIOUS_MOVE = YES;
				CLANG_WARN_UNGUARDED_AVAILABILITY = YES_AGGRESSIVE;
				CLANG_WARN_UNREACHABLE_CODE = YES;
				CLANG_WARN__DUPLICATE_METHOD_MATCH = YES;
				CODE_SIGN_IDENTITY = "iPhone Developer";
				COPY_PHASE_STRIP = NO;
				DEBUG_INFORMATION_FORMAT = dwarf;
				ENABLE_STRICT_OBJC_MSGSEND = YES;
				ENABLE_TESTABILITY = YES;
				GCC_C_LANGUAGE_STANDARD = gnu11;
				GCC_DYNAMIC_NO_PIC = NO;
				GCC_NO_COMMON_BLOCKS = YES;
				GCC_OPTIMIZATION_LEVEL = 0;
				GCC_PREPROCESSOR_DEFINITIONS = (
					"DEBUG=1",
					"$(inherited)",
				);
				GCC_WARN_64_TO_32_BIT_CONVERSION = YES;
				GCC_WARN_ABOUT_RETURN_TYPE = YES_ERROR;
				GCC_WARN_UNDECLARED_SELECTOR = YES;
				GCC_WARN_UNINITIALIZED_AUTOS = YES_AGGRESSIVE;
				GCC_WARN_UNUSED_FUNCTION = YES;
				GCC_WARN_UNUSED_VARIABLE = YES;
				IPHONEOS_DEPLOYMENT_TARGET = 11.4;
				MTL_ENABLE_DEBUG_INFO = YES;
				ONLY_ACTIVE_ARCH = YES;
				SDKROOT = iphoneos;
				SWIFT_ACTIVE_COMPILATION_CONDITIONS = DEBUG;
				SWIFT_OPTIMIZATION_LEVEL = "-Onone";
			};
			name = Debug;
		};
		E20F53EA2101185D00BCA7A6 /* Release */ = {
			isa = XCBuildConfiguration;
			buildSettings = {
				ALWAYS_SEARCH_USER_PATHS = NO;
				CLANG_ANALYZER_NONNULL = YES;
				CLANG_ANALYZER_NUMBER_OBJECT_CONVERSION = YES_AGGRESSIVE;
				CLANG_CXX_LANGUAGE_STANDARD = "gnu++14";
				CLANG_CXX_LIBRARY = "libc++";
				CLANG_ENABLE_MODULES = YES;
				CLANG_ENABLE_OBJC_ARC = YES;
				CLANG_ENABLE_OBJC_WEAK = YES;
				CLANG_WARN_BLOCK_CAPTURE_AUTORELEASING = YES;
				CLANG_WARN_BOOL_CONVERSION = YES;
				CLANG_WARN_COMMA = YES;
				CLANG_WARN_CONSTANT_CONVERSION = YES;
				CLANG_WARN_DEPRECATED_OBJC_IMPLEMENTATIONS = YES;
				CLANG_WARN_DIRECT_OBJC_ISA_USAGE = YES_ERROR;
				CLANG_WARN_DOCUMENTATION_COMMENTS = YES;
				CLANG_WARN_EMPTY_BODY = YES;
				CLANG_WARN_ENUM_CONVERSION = YES;
				CLANG_WARN_INFINITE_RECURSION = YES;
				CLANG_WARN_INT_CONVERSION = YES;
				CLANG_WARN_NON_LITERAL_NULL_CONVERSION = YES;
				CLANG_WARN_OBJC_IMPLICIT_RETAIN_SELF = YES;
				CLANG_WARN_OBJC_LITERAL_CONVERSION = YES;
				CLANG_WARN_OBJC_ROOT_CLASS = YES_ERROR;
				CLANG_WARN_RANGE_LOOP_ANALYSIS = YES;
				CLANG_WARN_STRICT_PROTOTYPES = YES;
				CLANG_WARN_SUSPICIOUS_MOVE = YES;
				CLANG_WARN_UNGUARDED_AVAILABILITY = YES_AGGRESSIVE;
				CLANG_WARN_UNREACHABLE_CODE = YES;
				CLANG_WARN__DUPLICATE_METHOD_MATCH = YES;
				CODE_SIGN_IDENTITY = "iPhone Developer";
				COPY_PHASE_STRIP = NO;
				DEBUG_INFORMATION_FORMAT = "dwarf-with-dsym";
				ENABLE_NS_ASSERTIONS = NO;
				ENABLE_STRICT_OBJC_MSGSEND = YES;
				GCC_C_LANGUAGE_STANDARD = gnu11;
				GCC_NO_COMMON_BLOCKS = YES;
				GCC_WARN_64_TO_32_BIT_CONVERSION = YES;
				GCC_WARN_ABOUT_RETURN_TYPE = YES_ERROR;
				GCC_WARN_UNDECLARED_SELECTOR = YES;
				GCC_WARN_UNINITIALIZED_AUTOS = YES_AGGRESSIVE;
				GCC_WARN_UNUSED_FUNCTION = YES;
				GCC_WARN_UNUSED_VARIABLE = YES;
				IPHONEOS_DEPLOYMENT_TARGET = 11.4;
				MTL_ENABLE_DEBUG_INFO = NO;
				SDKROOT = iphoneos;
				SWIFT_COMPILATION_MODE = wholemodule;
				SWIFT_OPTIMIZATION_LEVEL = "-O";
				VALIDATE_PRODUCT = YES;
			};
			name = Release;
		};
		E20F53EC2101185D00BCA7A6 /* Debug */ = {
			isa = XCBuildConfiguration;
			buildSettings = {
				ASSETCATALOG_COMPILER_APPICON_NAME = AppIcon;
				CODE_SIGN_STYLE = Automatic;
				DEVELOPMENT_TEAM = 32Y6VPRZSW;
				INFOPLIST_FILE = Rawee/Info.plist;
				LD_RUNPATH_SEARCH_PATHS = (
					"$(inherited)",
					"@executable_path/Frameworks",
				);
				PRODUCT_BUNDLE_IDENTIFIER = rawee.Rawee;
				PRODUCT_NAME = "$(TARGET_NAME)";
				SWIFT_VERSION = 4.0;
				TARGETED_DEVICE_FAMILY = "1,2";
			};
			name = Debug;
		};
		E20F53ED2101185D00BCA7A6 /* Release */ = {
			isa = XCBuildConfiguration;
			buildSettings = {
				ASSETCATALOG_COMPILER_APPICON_NAME = AppIcon;
				CODE_SIGN_STYLE = Automatic;
				DEVELOPMENT_TEAM = 32Y6VPRZSW;
				INFOPLIST_FILE = Rawee/Info.plist;
				LD_RUNPATH_SEARCH_PATHS = (
					"$(inherited)",
					"@executable_path/Frameworks",
				);
				PRODUCT_BUNDLE_IDENTIFIER = rawee.Rawee;
				PRODUCT_NAME = "$(TARGET_NAME)";
				SWIFT_VERSION = 4.0;
				TARGETED_DEVICE_FAMILY = "1,2";
			};
			name = Release;
		};
		E20F53EF2101185D00BCA7A6 /* Debug */ = {
			isa = XCBuildConfiguration;
			buildSettings = {
				ALWAYS_EMBED_SWIFT_STANDARD_LIBRARIES = YES;
				BUNDLE_LOADER = "$(TEST_HOST)";
				CODE_SIGN_STYLE = Automatic;
				DEVELOPMENT_TEAM = 32Y6VPRZSW;
				INFOPLIST_FILE = RaweeTests/Info.plist;
				LD_RUNPATH_SEARCH_PATHS = (
					"$(inherited)",
					"@executable_path/Frameworks",
					"@loader_path/Frameworks",
				);
				PRODUCT_BUNDLE_IDENTIFIER = rawee.RaweeTests;
				PRODUCT_NAME = "$(TARGET_NAME)";
				SWIFT_VERSION = 4.0;
				TARGETED_DEVICE_FAMILY = "1,2";
				TEST_HOST = "$(BUILT_PRODUCTS_DIR)/Rawee.app/Rawee";
			};
			name = Debug;
		};
		E20F53F02101185D00BCA7A6 /* Release */ = {
			isa = XCBuildConfiguration;
			buildSettings = {
				ALWAYS_EMBED_SWIFT_STANDARD_LIBRARIES = YES;
				BUNDLE_LOADER = "$(TEST_HOST)";
				CODE_SIGN_STYLE = Automatic;
				DEVELOPMENT_TEAM = 32Y6VPRZSW;
				INFOPLIST_FILE = RaweeTests/Info.plist;
				LD_RUNPATH_SEARCH_PATHS = (
					"$(inherited)",
					"@executable_path/Frameworks",
					"@loader_path/Frameworks",
				);
				PRODUCT_BUNDLE_IDENTIFIER = rawee.RaweeTests;
				PRODUCT_NAME = "$(TARGET_NAME)";
				SWIFT_VERSION = 4.0;
				TARGETED_DEVICE_FAMILY = "1,2";
				TEST_HOST = "$(BUILT_PRODUCTS_DIR)/Rawee.app/Rawee";
			};
			name = Release;
		};
		E20F53F22101185D00BCA7A6 /* Debug */ = {
			isa = XCBuildConfiguration;
			buildSettings = {
				ALWAYS_EMBED_SWIFT_STANDARD_LIBRARIES = YES;
				CODE_SIGN_STYLE = Automatic;
				DEVELOPMENT_TEAM = 32Y6VPRZSW;
				INFOPLIST_FILE = RaweeUITests/Info.plist;
				LD_RUNPATH_SEARCH_PATHS = (
					"$(inherited)",
					"@executable_path/Frameworks",
					"@loader_path/Frameworks",
				);
				PRODUCT_BUNDLE_IDENTIFIER = rawee.RaweeUITests;
				PRODUCT_NAME = "$(TARGET_NAME)";
				SWIFT_VERSION = 4.0;
				TARGETED_DEVICE_FAMILY = "1,2";
				TEST_TARGET_NAME = Rawee;
			};
			name = Debug;
		};
		E20F53F32101185D00BCA7A6 /* Release */ = {
			isa = XCBuildConfiguration;
			buildSettings = {
				ALWAYS_EMBED_SWIFT_STANDARD_LIBRARIES = YES;
				CODE_SIGN_STYLE = Automatic;
				DEVELOPMENT_TEAM = 32Y6VPRZSW;
				INFOPLIST_FILE = RaweeUITests/Info.plist;
				LD_RUNPATH_SEARCH_PATHS = (
					"$(inherited)",
					"@executable_path/Frameworks",
					"@loader_path/Frameworks",
				);
				PRODUCT_BUNDLE_IDENTIFIER = rawee.RaweeUITests;
				PRODUCT_NAME = "$(TARGET_NAME)";
				SWIFT_VERSION = 4.0;
				TARGETED_DEVICE_FAMILY = "1,2";
				TEST_TARGET_NAME = Rawee;
			};
			name = Release;
		};
/* End XCBuildConfiguration section */

/* Begin XCConfigurationList section */
		E20F53BB2101185A00BCA7A6 /* Build configuration list for PBXProject "Rawee" */ = {
			isa = XCConfigurationList;
			buildConfigurations = (
				E20F53E92101185D00BCA7A6 /* Debug */,
				E20F53EA2101185D00BCA7A6 /* Release */,
			);
			defaultConfigurationIsVisible = 0;
			defaultConfigurationName = Release;
		};
		E20F53EB2101185D00BCA7A6 /* Build configuration list for PBXNativeTarget "Rawee" */ = {
			isa = XCConfigurationList;
			buildConfigurations = (
				E20F53EC2101185D00BCA7A6 /* Debug */,
				E20F53ED2101185D00BCA7A6 /* Release */,
			);
			defaultConfigurationIsVisible = 0;
			defaultConfigurationName = Release;
		};
		E20F53EE2101185D00BCA7A6 /* Build configuration list for PBXNativeTarget "RaweeTests" */ = {
			isa = XCConfigurationList;
			buildConfigurations = (
				E20F53EF2101185D00BCA7A6 /* Debug */,
				E20F53F02101185D00BCA7A6 /* Release */,
			);
			defaultConfigurationIsVisible = 0;
			defaultConfigurationName = Release;
		};
		E20F53F12101185D00BCA7A6 /* Build configuration list for PBXNativeTarget "RaweeUITests" */ = {
			isa = XCConfigurationList;
			buildConfigurations = (
				E20F53F22101185D00BCA7A6 /* Debug */,
				E20F53F32101185D00BCA7A6 /* Release */,
			);
			defaultConfigurationIsVisible = 0;
			defaultConfigurationName = Release;
		};
/* End XCConfigurationList section */

/* Begin XCVersionGroup section */
		E20F53CA2101185A00BCA7A6 /* Rawee.xcdatamodeld */ = {
			isa = XCVersionGroup;
			children = (
				E20F53CB2101185A00BCA7A6 /* Rawee.xcdatamodel */,
			);
			currentVersion = E20F53CB2101185A00BCA7A6 /* Rawee.xcdatamodel */;
			path = Rawee.xcdatamodeld;
			sourceTree = "<group>";
			versionGroupType = wrapper.xcdatamodel;
		};
/* End XCVersionGroup section */
	};
	rootObject = E20F53B82101185A00BCA7A6 /* Project object */;
}
